
Microsoft Visual Studio Solution File, Format Version 12.00
# Visual Studio Version 17
VisualStudioVersion = 17.9.34714.143
MinimumVisualStudioVersion = 10.0.40219.1
Project("{9A19103F-16F7-4668-BE54-9A1E7A4F7556}") = "ShiftsLoggerUI", "ShiftsLoggerUI\ShiftsLoggerUI.csproj", "{21367ABA-3519-4253-A09D-D1D1F7CCE67C}"
EndProject
Project("{9A19103F-16F7-4668-BE54-9A1E7A4F7556}") = "ShiftsLoggerAPI", "ShiftsLoggerAPI\ShiftsLoggerAPI.csproj", "{5ACFD471-6F20-4F95-BA2C-83F798453E49}"
EndProject
Global
	GlobalSection(SolutionConfigurationPlatforms) = preSolution
		Debug|Any CPU = Debug|Any CPU
		Release|Any CPU = Release|Any CPU
	EndGlobalSection
	GlobalSection(ProjectConfigurationPlatforms) = postSolution
		{21367ABA-3519-4253-A09D-D1D1F7CCE67C}.Debug|Any CPU.ActiveCfg = Debug|Any CPU
		{21367ABA-3519-4253-A09D-D1D1F7CCE67C}.Debug|Any CPU.Build.0 = Debug|Any CPU
		{21367ABA-3519-4253-A09D-D1D1F7CCE67C}.Release|Any CPU.ActiveCfg = Release|Any CPU
		{21367ABA-3519-4253-A09D-D1D1F7CCE67C}.Release|Any CPU.Build.0 = Release|Any CPU
		{5ACFD471-6F20-4F95-BA2C-83F798453E49}.Debug|Any CPU.ActiveCfg = Debug|Any CPU
		{5ACFD471-6F20-4F95-BA2C-83F798453E49}.Debug|Any CPU.Build.0 = Debug|Any CPU
		{5ACFD471-6F20-4F95-BA2C-83F798453E49}.Release|Any CPU.ActiveCfg = Release|Any CPU
		{5ACFD471-6F20-4F95-BA2C-83F798453E49}.Release|Any CPU.Build.0 = Release|Any CPU
	EndGlobalSection
	GlobalSection(SolutionProperties) = preSolution
		HideSolutionNode = FALSE
	EndGlobalSection
	GlobalSection(ExtensibilityGlobals) = postSolution
		SolutionGuid = {6C475257-0F21-4D27-A49F-7065BFFC25A5}
	EndGlobalSection
EndGlobal
